// !$*UTF8*$!
{
	archiveVersion = 1;
	classes = {
	};
	objectVersion = 50;
	objects = {

/* Begin PBXBuildFile section */
		648B6051293D18B700261B01 /* Kontry_SwiftUITests.swift in Sources */ = {isa = PBXBuildFile; fileRef = 648B6050293D18B700261B01 /* Kontry_SwiftUITests.swift */; };
		64DD40FA26AD1FE6007E5135 /* Kontry_SwiftUIApp.swift in Sources */ = {isa = PBXBuildFile; fileRef = 64DD40F926AD1FE6007E5135 /* Kontry_SwiftUIApp.swift */; };
		64DD40FC26AD1FE6007E5135 /* CountryListView.swift in Sources */ = {isa = PBXBuildFile; fileRef = 64DD40FB26AD1FE6007E5135 /* CountryListView.swift */; };
		64DD40FE26AD1FE9007E5135 /* Assets.xcassets in Resources */ = {isa = PBXBuildFile; fileRef = 64DD40FD26AD1FE9007E5135 /* Assets.xcassets */; };
		64DD410126AD1FE9007E5135 /* Preview Assets.xcassets in Resources */ = {isa = PBXBuildFile; fileRef = 64DD410026AD1FE9007E5135 /* Preview Assets.xcassets */; };
		64DD410E26AD272A007E5135 /* CountryDetailView.swift in Sources */ = {isa = PBXBuildFile; fileRef = 64DD410D26AD272A007E5135 /* CountryDetailView.swift */; };
		64DD412426AD2748007E5135 /* countries-backup.json in Resources */ = {isa = PBXBuildFile; fileRef = 64DD411126AD2746007E5135 /* countries-backup.json */; };
		64DD412526AD2748007E5135 /* countries.json in Resources */ = {isa = PBXBuildFile; fileRef = 64DD411226AD2746007E5135 /* countries.json */; };
		64DD412626AD2748007E5135 /* CountryModel.swift in Sources */ = {isa = PBXBuildFile; fileRef = 64DD411426AD2747007E5135 /* CountryModel.swift */; };
		64DD412726AD2748007E5135 /* Constant.swift in Sources */ = {isa = PBXBuildFile; fileRef = 64DD411626AD2747007E5135 /* Constant.swift */; };
		64DD412826AD2748007E5135 /* Bundle+Extension.swift in Sources */ = {isa = PBXBuildFile; fileRef = 64DD411826AD2747007E5135 /* Bundle+Extension.swift */; };
		64DD412926AD2748007E5135 /* View+Extension.swift in Sources */ = {isa = PBXBuildFile; fileRef = 64DD411926AD2747007E5135 /* View+Extension.swift */; };
		64DD412A26AD2748007E5135 /* WatermarkView.swift in Sources */ = {isa = PBXBuildFile; fileRef = 64DD411B26AD2748007E5135 /* WatermarkView.swift */; };
		64DD412B26AD2748007E5135 /* DetailView.swift in Sources */ = {isa = PBXBuildFile; fileRef = 64DD411D26AD2748007E5135 /* DetailView.swift */; };
		64DD412C26AD2748007E5135 /* TitleView.swift in Sources */ = {isa = PBXBuildFile; fileRef = 64DD411E26AD2748007E5135 /* TitleView.swift */; };
		64DD412D26AD2748007E5135 /* FlagView.swift in Sources */ = {isa = PBXBuildFile; fileRef = 64DD411F26AD2748007E5135 /* FlagView.swift */; };
		64DD412E26AD2748007E5135 /* CountryListItem.swift in Sources */ = {isa = PBXBuildFile; fileRef = 64DD412126AD2748007E5135 /* CountryListItem.swift */; };
		64DD412F26AD2748007E5135 /* CountryMapView.swift in Sources */ = {isa = PBXBuildFile; fileRef = 64DD412226AD2748007E5135 /* CountryMapView.swift */; };
/* End PBXBuildFile section */

/* Begin PBXContainerItemProxy section */
		648B6052293D18B700261B01 /* PBXContainerItemProxy */ = {
			isa = PBXContainerItemProxy;
			containerPortal = 64DD40EE26AD1FE5007E5135 /* Project object */;
			proxyType = 1;
			remoteGlobalIDString = 64DD40F526AD1FE6007E5135;
			remoteInfo = Kontry_SwiftUI;
		};
/* End PBXContainerItemProxy section */

/* Begin PBXFileReference section */
		648B604E293D18B700261B01 /* Kontry_SwiftUITests.xctest */ = {isa = PBXFileReference; explicitFileType = wrapper.cfbundle; includeInIndex = 0; path = Kontry_SwiftUITests.xctest; sourceTree = BUILT_PRODUCTS_DIR; };
		648B6050293D18B700261B01 /* Kontry_SwiftUITests.swift */ = {isa = PBXFileReference; lastKnownFileType = sourcecode.swift; path = Kontry_SwiftUITests.swift; sourceTree = "<group>"; };
		64DD40F626AD1FE6007E5135 /* Kontry_SwiftUI.app */ = {isa = PBXFileReference; explicitFileType = wrapper.application; includeInIndex = 0; path = Kontry_SwiftUI.app; sourceTree = BUILT_PRODUCTS_DIR; };
		64DD40F926AD1FE6007E5135 /* Kontry_SwiftUIApp.swift */ = {isa = PBXFileReference; lastKnownFileType = sourcecode.swift; path = Kontry_SwiftUIApp.swift; sourceTree = "<group>"; };
		64DD40FB26AD1FE6007E5135 /* CountryListView.swift */ = {isa = PBXFileReference; lastKnownFileType = sourcecode.swift; path = CountryListView.swift; sourceTree = "<group>"; };
		64DD40FD26AD1FE9007E5135 /* Assets.xcassets */ = {isa = PBXFileReference; lastKnownFileType = folder.assetcatalog; path = Assets.xcassets; sourceTree = "<group>"; };
		64DD410026AD1FE9007E5135 /* Preview Assets.xcassets */ = {isa = PBXFileReference; lastKnownFileType = folder.assetcatalog; path = "Preview Assets.xcassets"; sourceTree = "<group>"; };
		64DD410226AD1FE9007E5135 /* Info.plist */ = {isa = PBXFileReference; lastKnownFileType = text.plist.xml; path = Info.plist; sourceTree = "<group>"; };
		64DD410D26AD272A007E5135 /* CountryDetailView.swift */ = {isa = PBXFileReference; fileEncoding = 4; lastKnownFileType = sourcecode.swift; path = CountryDetailView.swift; sourceTree = "<group>"; };
		64DD411126AD2746007E5135 /* countries-backup.json */ = {isa = PBXFileReference; fileEncoding = 4; lastKnownFileType = text.json; path = "countries-backup.json"; sourceTree = "<group>"; };
		64DD411226AD2746007E5135 /* countries.json */ = {isa = PBXFileReference; fileEncoding = 4; lastKnownFileType = text.json; path = countries.json; sourceTree = "<group>"; };
		64DD411426AD2747007E5135 /* CountryModel.swift */ = {isa = PBXFileReference; fileEncoding = 4; lastKnownFileType = sourcecode.swift; path = CountryModel.swift; sourceTree = "<group>"; };
		64DD411626AD2747007E5135 /* Constant.swift */ = {isa = PBXFileReference; fileEncoding = 4; lastKnownFileType = sourcecode.swift; path = Constant.swift; sourceTree = "<group>"; };
		64DD411826AD2747007E5135 /* Bundle+Extension.swift */ = {isa = PBXFileReference; fileEncoding = 4; lastKnownFileType = sourcecode.swift; path = "Bundle+Extension.swift"; sourceTree = "<group>"; };
		64DD411926AD2747007E5135 /* View+Extension.swift */ = {isa = PBXFileReference; fileEncoding = 4; lastKnownFileType = sourcecode.swift; path = "View+Extension.swift"; sourceTree = "<group>"; };
		64DD411B26AD2748007E5135 /* WatermarkView.swift */ = {isa = PBXFileReference; fileEncoding = 4; lastKnownFileType = sourcecode.swift; path = WatermarkView.swift; sourceTree = "<group>"; };
		64DD411D26AD2748007E5135 /* DetailView.swift */ = {isa = PBXFileReference; fileEncoding = 4; lastKnownFileType = sourcecode.swift; path = DetailView.swift; sourceTree = "<group>"; };
		64DD411E26AD2748007E5135 /* TitleView.swift */ = {isa = PBXFileReference; fileEncoding = 4; lastKnownFileType = sourcecode.swift; path = TitleView.swift; sourceTree = "<group>"; };
		64DD411F26AD2748007E5135 /* FlagView.swift */ = {isa = PBXFileReference; fileEncoding = 4; lastKnownFileType = sourcecode.swift; path = FlagView.swift; sourceTree = "<group>"; };
		64DD412126AD2748007E5135 /* CountryListItem.swift */ = {isa = PBXFileReference; fileEncoding = 4; lastKnownFileType = sourcecode.swift; path = CountryListItem.swift; sourceTree = "<group>"; };
		64DD412226AD2748007E5135 /* CountryMapView.swift */ = {isa = PBXFileReference; fileEncoding = 4; lastKnownFileType = sourcecode.swift; path = CountryMapView.swift; sourceTree = "<group>"; };
/* End PBXFileReference section */

/* Begin PBXFrameworksBuildPhase section */
		648B604B293D18B700261B01 /* Frameworks */ = {
			isa = PBXFrameworksBuildPhase;
			buildActionMask = 2147483647;
			files = (
			);
			runOnlyForDeploymentPostprocessing = 0;
		};
		64DD40F326AD1FE6007E5135 /* Frameworks */ = {
			isa = PBXFrameworksBuildPhase;
			buildActionMask = 2147483647;
			files = (
			);
			runOnlyForDeploymentPostprocessing = 0;
		};
/* End PBXFrameworksBuildPhase section */

/* Begin PBXGroup section */
		648B604F293D18B700261B01 /* Kontry_SwiftUITests */ = {
			isa = PBXGroup;
			children = (
				648B6050293D18B700261B01 /* Kontry_SwiftUITests.swift */,
			);
			path = Kontry_SwiftUITests;
			sourceTree = "<group>";
		};
		64DD40ED26AD1FE5007E5135 = {
			isa = PBXGroup;
			children = (
				64DD40F826AD1FE6007E5135 /* Kontry_SwiftUI */,
				648B604F293D18B700261B01 /* Kontry_SwiftUITests */,
				64DD40F726AD1FE6007E5135 /* Products */,
			);
			sourceTree = "<group>";
		};
		64DD40F726AD1FE6007E5135 /* Products */ = {
			isa = PBXGroup;
			children = (
				64DD40F626AD1FE6007E5135 /* Kontry_SwiftUI.app */,
				648B604E293D18B700261B01 /* Kontry_SwiftUITests.xctest */,
			);
			name = Products;
			sourceTree = "<group>";
		};
		64DD40F826AD1FE6007E5135 /* Kontry_SwiftUI */ = {
			isa = PBXGroup;
			children = (
				64DD410A26AD2617007E5135 /* App */,
				64DD411A26AD2748007E5135 /* View */,
				64DD411326AD2747007E5135 /* Model */,
				64DD411726AD2747007E5135 /* Extension */,
				64DD411526AD2747007E5135 /* Utility */,
				64DD411026AD2746007E5135 /* Data */,
				64DD40FD26AD1FE9007E5135 /* Assets.xcassets */,
				64DD410226AD1FE9007E5135 /* Info.plist */,
				64DD40FF26AD1FE9007E5135 /* Preview Content */,
			);
			path = Kontry_SwiftUI;
			sourceTree = "<group>";
		};
		64DD40FF26AD1FE9007E5135 /* Preview Content */ = {
			isa = PBXGroup;
			children = (
				64DD410026AD1FE9007E5135 /* Preview Assets.xcassets */,
			);
			path = "Preview Content";
			sourceTree = "<group>";
		};
		64DD410A26AD2617007E5135 /* App */ = {
			isa = PBXGroup;
			children = (
				64DD40F926AD1FE6007E5135 /* Kontry_SwiftUIApp.swift */,
				64DD40FB26AD1FE6007E5135 /* CountryListView.swift */,
				64DD410D26AD272A007E5135 /* CountryDetailView.swift */,
			);
			path = App;
			sourceTree = "<group>";
		};
		64DD411026AD2746007E5135 /* Data */ = {
			isa = PBXGroup;
			children = (
				64DD411126AD2746007E5135 /* countries-backup.json */,
				64DD411226AD2746007E5135 /* countries.json */,
			);
			path = Data;
			sourceTree = "<group>";
		};
		64DD411326AD2747007E5135 /* Model */ = {
			isa = PBXGroup;
			children = (
				64DD411426AD2747007E5135 /* CountryModel.swift */,
			);
			path = Model;
			sourceTree = "<group>";
		};
		64DD411526AD2747007E5135 /* Utility */ = {
			isa = PBXGroup;
			children = (
				64DD411626AD2747007E5135 /* Constant.swift */,
			);
			path = Utility;
			sourceTree = "<group>";
		};
		64DD411726AD2747007E5135 /* Extension */ = {
			isa = PBXGroup;
			children = (
				64DD411826AD2747007E5135 /* Bundle+Extension.swift */,
				64DD411926AD2747007E5135 /* View+Extension.swift */,
			);
			path = Extension;
			sourceTree = "<group>";
		};
		64DD411A26AD2748007E5135 /* View */ = {
			isa = PBXGroup;
			children = (
				64DD411B26AD2748007E5135 /* WatermarkView.swift */,
				64DD411C26AD2748007E5135 /* CountryDetail */,
				64DD412026AD2748007E5135 /* CountryList */,
			);
			path = View;
			sourceTree = "<group>";
		};
		64DD411C26AD2748007E5135 /* CountryDetail */ = {
			isa = PBXGroup;
			children = (
				64DD411D26AD2748007E5135 /* DetailView.swift */,
				64DD411E26AD2748007E5135 /* TitleView.swift */,
				64DD411F26AD2748007E5135 /* FlagView.swift */,
			);
			path = CountryDetail;
			sourceTree = "<group>";
		};
		64DD412026AD2748007E5135 /* CountryList */ = {
			isa = PBXGroup;
			children = (
				64DD412126AD2748007E5135 /* CountryListItem.swift */,
				64DD412226AD2748007E5135 /* CountryMapView.swift */,
			);
			path = CountryList;
			sourceTree = "<group>";
		};
/* End PBXGroup section */

/* Begin PBXNativeTarget section */
		648B604D293D18B700261B01 /* Kontry_SwiftUITests */ = {
			isa = PBXNativeTarget;
			buildConfigurationList = 648B6056293D18B700261B01 /* Build configuration list for PBXNativeTarget "Kontry_SwiftUITests" */;
			buildPhases = (
				648B604A293D18B700261B01 /* Sources */,
				648B604B293D18B700261B01 /* Frameworks */,
				648B604C293D18B700261B01 /* Resources */,
			);
			buildRules = (
			);
			dependencies = (
				648B6053293D18B700261B01 /* PBXTargetDependency */,
			);
			name = Kontry_SwiftUITests;
			productName = Kontry_SwiftUITests;
			productReference = 648B604E293D18B700261B01 /* Kontry_SwiftUITests.xctest */;
			productType = "com.apple.product-type.bundle.unit-test";
		};
		64DD40F526AD1FE6007E5135 /* Kontry_SwiftUI */ = {
			isa = PBXNativeTarget;
			buildConfigurationList = 64DD410526AD1FE9007E5135 /* Build configuration list for PBXNativeTarget "Kontry_SwiftUI" */;
			buildPhases = (
				64DD40F226AD1FE6007E5135 /* Sources */,
				64DD40F326AD1FE6007E5135 /* Frameworks */,
				64DD40F426AD1FE6007E5135 /* Resources */,
			);
			buildRules = (
			);
			dependencies = (
			);
			name = Kontry_SwiftUI;
			productName = Kontry_SwiftUI;
			productReference = 64DD40F626AD1FE6007E5135 /* Kontry_SwiftUI.app */;
			productType = "com.apple.product-type.application";
		};
/* End PBXNativeTarget section */

/* Begin PBXProject section */
		64DD40EE26AD1FE5007E5135 /* Project object */ = {
			isa = PBXProject;
			attributes = {
				LastSwiftUpdateCheck = 1410;
				LastUpgradeCheck = 1240;
				TargetAttributes = {
					648B604D293D18B700261B01 = {
						CreatedOnToolsVersion = 14.1;
						TestTargetID = 64DD40F526AD1FE6007E5135;
					};
					64DD40F526AD1FE6007E5135 = {
						CreatedOnToolsVersion = 12.4;
					};
				};
			};
			buildConfigurationList = 64DD40F126AD1FE5007E5135 /* Build configuration list for PBXProject "Kontry_SwiftUI" */;
			compatibilityVersion = "Xcode 9.3";
			developmentRegion = en;
			hasScannedForEncodings = 0;
			knownRegions = (
				en,
				Base,
			);
			mainGroup = 64DD40ED26AD1FE5007E5135;
			productRefGroup = 64DD40F726AD1FE6007E5135 /* Products */;
			projectDirPath = "";
			projectRoot = "";
			targets = (
				64DD40F526AD1FE6007E5135 /* Kontry_SwiftUI */,
				648B604D293D18B700261B01 /* Kontry_SwiftUITests */,
			);
		};
/* End PBXProject section */

/* Begin PBXResourcesBuildPhase section */
		648B604C293D18B700261B01 /* Resources */ = {
			isa = PBXResourcesBuildPhase;
			buildActionMask = 2147483647;
			files = (
			);
			runOnlyForDeploymentPostprocessing = 0;
		};
		64DD40F426AD1FE6007E5135 /* Resources */ = {
			isa = PBXResourcesBuildPhase;
			buildActionMask = 2147483647;
			files = (
				64DD410126AD1FE9007E5135 /* Preview Assets.xcassets in Resources */,
				64DD40FE26AD1FE9007E5135 /* Assets.xcassets in Resources */,
				64DD412526AD2748007E5135 /* countries.json in Resources */,
				64DD412426AD2748007E5135 /* countries-backup.json in Resources */,
			);
			runOnlyForDeploymentPostprocessing = 0;
		};
/* End PBXResourcesBuildPhase section */

/* Begin PBXSourcesBuildPhase section */
		648B604A293D18B700261B01 /* Sources */ = {
			isa = PBXSourcesBuildPhase;
			buildActionMask = 2147483647;
			files = (
				648B6051293D18B700261B01 /* Kontry_SwiftUITests.swift in Sources */,
			);
			runOnlyForDeploymentPostprocessing = 0;
		};
		64DD40F226AD1FE6007E5135 /* Sources */ = {
			isa = PBXSourcesBuildPhase;
			buildActionMask = 2147483647;
			files = (
				64DD410E26AD272A007E5135 /* CountryDetailView.swift in Sources */,
				64DD412B26AD2748007E5135 /* DetailView.swift in Sources */,
				64DD412826AD2748007E5135 /* Bundle+Extension.swift in Sources */,
				64DD412F26AD2748007E5135 /* CountryMapView.swift in Sources */,
				64DD40FC26AD1FE6007E5135 /* CountryListView.swift in Sources */,
				64DD412726AD2748007E5135 /* Constant.swift in Sources */,
				64DD412626AD2748007E5135 /* CountryModel.swift in Sources */,
				64DD412D26AD2748007E5135 /* FlagView.swift in Sources */,
				64DD412926AD2748007E5135 /* View+Extension.swift in Sources */,
				64DD40FA26AD1FE6007E5135 /* Kontry_SwiftUIApp.swift in Sources */,
				64DD412A26AD2748007E5135 /* WatermarkView.swift in Sources */,
				64DD412C26AD2748007E5135 /* TitleView.swift in Sources */,
				64DD412E26AD2748007E5135 /* CountryListItem.swift in Sources */,
			);
			runOnlyForDeploymentPostprocessing = 0;
		};
/* End PBXSourcesBuildPhase section */

/* Begin PBXTargetDependency section */
		648B6053293D18B700261B01 /* PBXTargetDependency */ = {
			isa = PBXTargetDependency;
			target = 64DD40F526AD1FE6007E5135 /* Kontry_SwiftUI */;
			targetProxy = 648B6052293D18B700261B01 /* PBXContainerItemProxy */;
		};
/* End PBXTargetDependency section */

/* Begin XCBuildConfiguration section */
		648B6054293D18B700261B01 /* Debug */ = {
			isa = XCBuildConfiguration;
			buildSettings = {
				BUNDLE_LOADER = "$(TEST_HOST)";
				CLANG_CXX_LANGUAGE_STANDARD = "gnu++20";
				CODE_SIGN_STYLE = Automatic;
				CURRENT_PROJECT_VERSION = 1;
				DEVELOPMENT_TEAM = XZBU42828U;
				GENERATE_INFOPLIST_FILE = YES;
				MARKETING_VERSION = 1.0;
				PRODUCT_BUNDLE_IDENTIFIER = "learn.shendy.Kontry-SwiftUITests";
				PRODUCT_NAME = "$(TARGET_NAME)";
				SUPPORTS_MACCATALYST = NO;
				SUPPORTS_MAC_DESIGNED_FOR_IPHONE_IPAD = YES;
				SWIFT_EMIT_LOC_STRINGS = NO;
				SWIFT_VERSION = 5.0;
				TEST_HOST = "$(BUILT_PRODUCTS_DIR)/Kontry_SwiftUI.app/$(BUNDLE_EXECUTABLE_FOLDER_PATH)/Kontry_SwiftUI";
			};
			name = Debug;
		};
		648B6055293D18B700261B01 /* Release */ = {
			isa = XCBuildConfiguration;
			buildSettings = {
				BUNDLE_LOADER = "$(TEST_HOST)";
				CLANG_CXX_LANGUAGE_STANDARD = "gnu++20";
				CODE_SIGN_STYLE = Automatic;
				CURRENT_PROJECT_VERSION = 1;
				DEVELOPMENT_TEAM = XZBU42828U;
				GENERATE_INFOPLIST_FILE = YES;
				MARKETING_VERSION = 1.0;
				PRODUCT_BUNDLE_IDENTIFIER = "learn.shendy.Kontry-SwiftUITests";
				PRODUCT_NAME = "$(TARGET_NAME)";
				SUPPORTS_MACCATALYST = NO;
				SUPPORTS_MAC_DESIGNED_FOR_IPHONE_IPAD = YES;
				SWIFT_EMIT_LOC_STRINGS = NO;
				SWIFT_VERSION = 5.0;
				TEST_HOST = "$(BUILT_PRODUCTS_DIR)/Kontry_SwiftUI.app/$(BUNDLE_EXECUTABLE_FOLDER_PATH)/Kontry_SwiftUI";
			};
			name = Release;
		};
		64DD410326AD1FE9007E5135 /* Debug */ = {
			isa = XCBuildConfiguration;
			buildSettings = {
				ALWAYS_SEARCH_USER_PATHS = NO;
				CLANG_ANALYZER_NONNULL = YES;
				CLANG_ANALYZER_NUMBER_OBJECT_CONVERSION = YES_AGGRESSIVE;
				CLANG_CXX_LANGUAGE_STANDARD = "gnu++14";
				CLANG_CXX_LIBRARY = "libc++";
				CLANG_ENABLE_MODULES = YES;
				CLANG_ENABLE_OBJC_ARC = YES;
				CLANG_ENABLE_OBJC_WEAK = YES;
				CLANG_WARN_BLOCK_CAPTURE_AUTORELEASING = YES;
				CLANG_WARN_BOOL_CONVERSION = YES;
				CLANG_WARN_COMMA = YES;
				CLANG_WARN_CONSTANT_CONVERSION = YES;
				CLANG_WARN_DEPRECATED_OBJC_IMPLEMENTATIONS = YES;
				CLANG_WARN_DIRECT_OBJC_ISA_USAGE = YES_ERROR;
				CLANG_WARN_DOCUMENTATION_COMMENTS = YES;
				CLANG_WARN_EMPTY_BODY = YES;
				CLANG_WARN_ENUM_CONVERSION = YES;
				CLANG_WARN_INFINITE_RECURSION = YES;
				CLANG_WARN_INT_CONVERSION = YES;
				CLANG_WARN_NON_LITERAL_NULL_CONVERSION = YES;
				CLANG_WARN_OBJC_IMPLICIT_RETAIN_SELF = YES;
				CLANG_WARN_OBJC_LITERAL_CONVERSION = YES;
				CLANG_WARN_OBJC_ROOT_CLASS = YES_ERROR;
				CLANG_WARN_QUOTED_INCLUDE_IN_FRAMEWORK_HEADER = YES;
				CLANG_WARN_RANGE_LOOP_ANALYSIS = YES;
				CLANG_WARN_STRICT_PROTOTYPES = YES;
				CLANG_WARN_SUSPICIOUS_MOVE = YES;
				CLANG_WARN_UNGUARDED_AVAILABILITY = YES_AGGRESSIVE;
				CLANG_WARN_UNREACHABLE_CODE = YES;
				CLANG_WARN__DUPLICATE_METHOD_MATCH = YES;
				COPY_PHASE_STRIP = NO;
				DEBUG_INFORMATION_FORMAT = dwarf;
				ENABLE_STRICT_OBJC_MSGSEND = YES;
				ENABLE_TESTABILITY = YES;
				GCC_C_LANGUAGE_STANDARD = gnu11;
				GCC_DYNAMIC_NO_PIC = NO;
				GCC_NO_COMMON_BLOCKS = YES;
				GCC_OPTIMIZATION_LEVEL = 0;
				GCC_PREPROCESSOR_DEFINITIONS = (
					"DEBUG=1",
					"$(inherited)",
				);
				GCC_WARN_64_TO_32_BIT_CONVERSION = YES;
				GCC_WARN_ABOUT_RETURN_TYPE = YES_ERROR;
				GCC_WARN_UNDECLARED_SELECTOR = YES;
				GCC_WARN_UNINITIALIZED_AUTOS = YES_AGGRESSIVE;
				GCC_WARN_UNUSED_FUNCTION = YES;
				GCC_WARN_UNUSED_VARIABLE = YES;
				IPHONEOS_DEPLOYMENT_TARGET = 14.4;
				MTL_ENABLE_DEBUG_INFO = INCLUDE_SOURCE;
				MTL_FAST_MATH = YES;
				ONLY_ACTIVE_ARCH = YES;
				SDKROOT = iphoneos;
				SWIFT_ACTIVE_COMPILATION_CONDITIONS = DEBUG;
				SWIFT_OPTIMIZATION_LEVEL = "-Onone";
			};
			name = Debug;
		};
		64DD410426AD1FE9007E5135 /* Release */ = {
			isa = XCBuildConfiguration;
			buildSettings = {
				ALWAYS_SEARCH_USER_PATHS = NO;
				CLANG_ANALYZER_NONNULL = YES;
				CLANG_ANALYZER_NUMBER_OBJECT_CONVERSION = YES_AGGRESSIVE;
				CLANG_CXX_LANGUAGE_STANDARD = "gnu++14";
				CLANG_CXX_LIBRARY = "libc++";
				CLANG_ENABLE_MODULES = YES;
				CLANG_ENABLE_OBJC_ARC = YES;
				CLANG_ENABLE_OBJC_WEAK = YES;
				CLANG_WARN_BLOCK_CAPTURE_AUTORELEASING = YES;
				CLANG_WARN_BOOL_CONVERSION = YES;
				CLANG_WARN_COMMA = YES;
				CLANG_WARN_CONSTANT_CONVERSION = YES;
				CLANG_WARN_DEPRECATED_OBJC_IMPLEMENTATIONS = YES;
				CLANG_WARN_DIRECT_OBJC_ISA_USAGE = YES_ERROR;
				CLANG_WARN_DOCUMENTATION_COMMENTS = YES;
				CLANG_WARN_EMPTY_BODY = YES;
				CLANG_WARN_ENUM_CONVERSION = YES;
				CLANG_WARN_INFINITE_RECURSION = YES;
				CLANG_WARN_INT_CONVERSION = YES;
				CLANG_WARN_NON_LITERAL_NULL_CONVERSION = YES;
				CLANG_WARN_OBJC_IMPLICIT_RETAIN_SELF = YES;
				CLANG_WARN_OBJC_LITERAL_CONVERSION = YES;
				CLANG_WARN_OBJC_ROOT_CLASS = YES_ERROR;
				CLANG_WARN_QUOTED_INCLUDE_IN_FRAMEWORK_HEADER = YES;
				CLANG_WARN_RANGE_LOOP_ANALYSIS = YES;
				CLANG_WARN_STRICT_PROTOTYPES = YES;
				CLANG_WARN_SUSPICIOUS_MOVE = YES;
				CLANG_WARN_UNGUARDED_AVAILABILITY = YES_AGGRESSIVE;
				CLANG_WARN_UNREACHABLE_CODE = YES;
				CLANG_WARN__DUPLICATE_METHOD_MATCH = YES;
				COPY_PHASE_STRIP = NO;
				DEBUG_INFORMATION_FORMAT = "dwarf-with-dsym";
				ENABLE_NS_ASSERTIONS = NO;
				ENABLE_STRICT_OBJC_MSGSEND = YES;
				GCC_C_LANGUAGE_STANDARD = gnu11;
				GCC_NO_COMMON_BLOCKS = YES;
				GCC_WARN_64_TO_32_BIT_CONVERSION = YES;
				GCC_WARN_ABOUT_RETURN_TYPE = YES_ERROR;
				GCC_WARN_UNDECLARED_SELECTOR = YES;
				GCC_WARN_UNINITIALIZED_AUTOS = YES_AGGRESSIVE;
				GCC_WARN_UNUSED_FUNCTION = YES;
				GCC_WARN_UNUSED_VARIABLE = YES;
				IPHONEOS_DEPLOYMENT_TARGET = 14.4;
				MTL_ENABLE_DEBUG_INFO = NO;
				MTL_FAST_MATH = YES;
				SDKROOT = iphoneos;
				SWIFT_COMPILATION_MODE = wholemodule;
				SWIFT_OPTIMIZATION_LEVEL = "-O";
				VALIDATE_PRODUCT = YES;
			};
			name = Release;
		};
		64DD410626AD1FE9007E5135 /* Debug */ = {
			isa = XCBuildConfiguration;
			buildSettings = {
				ASSETCATALOG_COMPILER_APPICON_NAME = AppIcon;
				ASSETCATALOG_COMPILER_GLOBAL_ACCENT_COLOR_NAME = AccentColor;
				CODE_SIGN_STYLE = Automatic;
				DEVELOPMENT_ASSET_PATHS = "\"Kontry_SwiftUI/Preview Content\"";
				ENABLE_PREVIEWS = YES;
				INFOPLIST_FILE = Kontry_SwiftUI/Info.plist;
				LD_RUNPATH_SEARCH_PATHS = (
					"$(inherited)",
					"@executable_path/Frameworks",
				);
				PRODUCT_BUNDLE_IDENTIFIER = "learn.shendy.Kontry-SwiftUI";
				PRODUCT_NAME = "$(TARGET_NAME)";
				SWIFT_VERSION = 5.0;
			};
			name = Debug;
		};
		64DD410726AD1FE9007E5135 /* Release */ = {
			isa = XCBuildConfiguration;
			buildSettings = {
				ASSETCATALOG_COMPILER_APPICON_NAME = AppIcon;
				ASSETCATALOG_COMPILER_GLOBAL_ACCENT_COLOR_NAME = AccentColor;
				CODE_SIGN_STYLE = Automatic;
				DEVELOPMENT_ASSET_PATHS = "\"Kontry_SwiftUI/Preview Content\"";
				ENABLE_PREVIEWS = YES;
				INFOPLIST_FILE = Kontry_SwiftUI/Info.plist;
				LD_RUNPATH_SEARCH_PATHS = (
					"$(inherited)",
					"@executable_path/Frameworks",
				);
				PRODUCT_BUNDLE_IDENTIFIER = "learn.shendy.Kontry-SwiftUI";
				PRODUCT_NAME = "$(TARGET_NAME)";
				SWIFT_VERSION = 5.0;
			};
			name = Release;
		};
/* End XCBuildConfiguration section */

/* Begin XCConfigurationList section */
		648B6056293D18B700261B01 /* Build configuration list for PBXNativeTarget "Kontry_SwiftUITests" */ = {
			isa = XCConfigurationList;
			buildConfigurations = (
				648B6054293D18B700261B01 /* Debug */,
				648B6055293D18B700261B01 /* Release */,
			);
			defaultConfigurationIsVisible = 0;
			defaultConfigurationName = Release;
		};
		64DD40F126AD1FE5007E5135 /* Build configuration list for PBXProject "Kontry_SwiftUI" */ = {
			isa = XCConfigurationList;
			buildConfigurations = (
				64DD410326AD1FE9007E5135 /* Debug */,
				64DD410426AD1FE9007E5135 /* Release */,
			);
			defaultConfigurationIsVisible = 0;
			defaultConfigurationName = Release;
		};
		64DD410526AD1FE9007E5135 /* Build configuration list for PBXNativeTarget "Kontry_SwiftUI" */ = {
			isa = XCConfigurationList;
			buildConfigurations = (
				64DD410626AD1FE9007E5135 /* Debug */,
				64DD410726AD1FE9007E5135 /* Release */,
			);
			defaultConfigurationIsVisible = 0;
			defaultConfigurationName = Release;
		};
/* End XCConfigurationList section */
	};
	rootObject = 64DD40EE26AD1FE5007E5135 /* Project object */;
}
